
Microsoft Visual Studio Solution File, Format Version 12.00
# Visual Studio Version 17
VisualStudioVersion = 17.5.33516.290
MinimumVisualStudioVersion = 10.0.40219.1
Project("{FAE04EC0-301F-11D3-BF4B-00C04F79EFBC}") = "TPDebogage", "TPDebogage\TPDebogage.csproj", "{009DEA6D-1BCB-4162-9A83-121FCF121A8E}"
EndProject
Global
	GlobalSection(SolutionConfigurationPlatforms) = preSolution
		Debug|Any CPU = Debug|Any CPU
		Release|Any CPU = Release|Any CPU
	EndGlobalSection
	GlobalSection(ProjectConfigurationPlatforms) = postSolution
		{009DEA6D-1BCB-4162-9A83-121FCF121A8E}.Debug|Any CPU.ActiveCfg = Debug|Any CPU
		{009DEA6D-1BCB-4162-9A83-121FCF121A8E}.Debug|Any CPU.Build.0 = Debug|Any CPU
		{009DEA6D-1BCB-4162-9A83-121FCF121A8E}.Release|Any CPU.ActiveCfg = Release|Any CPU
		{009DEA6D-1BCB-4162-9A83-121FCF121A8E}.Release|Any CPU.Build.0 = Release|Any CPU
	EndGlobalSection
	GlobalSection(SolutionProperties) = preSolution
		HideSolutionNode = FALSE
	EndGlobalSection
	GlobalSection(ExtensibilityGlobals) = postSolution
		SolutionGuid = {1738EA27-957F-444B-96EE-918BF9FE8EA9}
	EndGlobalSection
EndGlobal
